{
  "version": "4",
  "specifiers": {
    "jsr:@hono/hono@4.6.8": "4.6.8",
    "jsr:@hono/hono@^4.6.8": "4.6.8",
    "jsr:@valibot/valibot@~0.42.1": "0.42.1",
    "jsr:@viki/nanoid@3": "3.0.0",
    "npm:@libsql/client@*": "0.14.0",
    "npm:drizzle-orm@0.36.0": "0.36.0_@libsql+client@0.14.0_postgres@3.4.5",
    "npm:drizzle-valibot@0.2.0": "0.2.0_drizzle-orm@0.36.0__@libsql+client@0.14.0__postgres@3.4.5_valibot@0.42.1_@libsql+client@0.14.0_postgres@3.4.5",
    "npm:meilisearch@0.45.0": "0.45.0",
    "npm:postgres@3.4.5": "3.4.5"
  },
  "jsr": {
    "@hono/hono@4.6.8": {
      "integrity": "4c92cb895360d93b7bc637c0c3f26449761b2bb160009c0387a37a1d457850f0"
    },
    "@valibot/valibot@0.42.1": {
      "integrity": "ba0f6f7964aaeec0e4b1f793d575061f325ae6254cbb9d7ff01fb65068a0a23b"
    },
    "@viki/nanoid@3.0.0": {
      "integrity": "a21e85c3a7bacce19becc4aa3ddfbbaf2a19435b2596198713c8422ec128ca34"
    }
  },
  "npm": {
    "@libsql/client@0.14.0": {
      "integrity": "sha512-/9HEKfn6fwXB5aTEEoMeFh4CtG0ZzbncBb1e++OCdVpgKZ/xyMsIVYXm0w7Pv4RUel803vE6LwniB3PqD72R0Q==",
      "dependencies": [
        "@libsql/core",
        "@libsql/hrana-client",
        "js-base64",
        "libsql",
        "promise-limit"
      ]
    },
    "@libsql/core@0.14.0": {
      "integrity": "sha512-nhbuXf7GP3PSZgdCY2Ecj8vz187ptHlZQ0VRc751oB2C1W8jQUXKKklvt7t1LJiUTQBVJuadF628eUk+3cRi4Q==",
      "dependencies": [
        "js-base64"
      ]
    },
    "@libsql/darwin-arm64@0.4.6": {
      "integrity": "sha512-45i604CJ2Lubbg7NqtDodjarF6VgST8rS5R8xB++MoRqixtDns9PZ6tocT9pRJDWuTWEiy2sjthPOFWMKwYAsg=="
    },
    "@libsql/darwin-x64@0.4.6": {
      "integrity": "sha512-dRKliflhfr5zOPSNgNJ6C2nZDd4YA8bTXF3MUNqNkcxQ8BffaH9uUwL9kMq89LkFIZQHcyP75bBgZctxfJ/H5Q=="
    },
    "@libsql/hrana-client@0.7.0": {
      "integrity": "sha512-OF8fFQSkbL7vJY9rfuegK1R7sPgQ6kFMkDamiEccNUvieQ+3urzfDFI616oPl8V7T9zRmnTkSjMOImYCAVRVuw==",
      "dependencies": [
        "@libsql/isomorphic-fetch",
        "@libsql/isomorphic-ws",
        "js-base64",
        "node-fetch"
      ]
    },
    "@libsql/isomorphic-fetch@0.3.1": {
      "integrity": "sha512-6kK3SUK5Uu56zPq/Las620n5aS9xJq+jMBcNSOmjhNf/MUvdyji4vrMTqD7ptY7/4/CAVEAYDeotUz60LNQHtw=="
    },
    "@libsql/isomorphic-ws@0.1.5": {
      "integrity": "sha512-DtLWIH29onUYR00i0GlQ3UdcTRC6EP4u9w/h9LxpUZJWRMARk6dQwZ6Jkd+QdwVpuAOrdxt18v0K2uIYR3fwFg==",
      "dependencies": [
        "@types/ws",
        "ws"
      ]
    },
    "@libsql/linux-arm64-gnu@0.4.6": {
      "integrity": "sha512-DMPavVyY6vYPAYcQR1iOotHszg+5xSjHSg6F9kNecPX0KKdGq84zuPJmORfKOPtaWvzPewNFdML/e+s1fu09XQ=="
    },
    "@libsql/linux-arm64-musl@0.4.6": {
      "integrity": "sha512-whuHSYAZyclGjM3L0mKGXyWqdAy7qYvPPn+J1ve7FtGkFlM0DiIPjA5K30aWSGJSRh72sD9DBZfnu8CpfSjT6w=="
    },
    "@libsql/linux-x64-gnu@0.4.6": {
      "integrity": "sha512-0ggx+5RwEbYabIlDBBAvavdfIJCZ757u6nDZtBeQIhzW99EKbWG3lvkXHM3qudFb/pDWSUY4RFBm6vVtF1cJGA=="
    },
    "@libsql/linux-x64-musl@0.4.6": {
      "integrity": "sha512-SWNrv7Hz72QWlbM/ZsbL35MPopZavqCUmQz2HNDZ55t0F+kt8pXuP+bbI2KvmaQ7wdsoqAA4qBmjol0+bh4ndw=="
    },
    "@libsql/win32-x64-msvc@0.4.6": {
      "integrity": "sha512-Q0axn110zDNELfkEog3Nl8p9BU4eI/UvgaHevGyOiSDN7s0KPfj0j6jwVHk4oz3o/d/Gg3DRIxomZ4ftfTOy/g=="
    },
    "@neon-rs/load@0.0.4": {
      "integrity": "sha512-kTPhdZyTQxB+2wpiRcFWrDcejc4JI6tkPuS7UZCG4l6Zvc5kU/gGQ/ozvHTh1XR5tS+UlfAfGuPajjzQjCiHCw=="
    },
    "@types/node@22.5.4": {
      "integrity": "sha512-FDuKUJQm/ju9fT/SeX/6+gBzoPzlVCzfzmGkwKvRHQVxi4BntVbyIwf6a4Xn62mrvndLiml6z/UBXIdEVjQLXg==",
      "dependencies": [
        "undici-types"
      ]
    },
    "@types/ws@8.5.12": {
      "integrity": "sha512-3tPRkv1EtkDpzlgyKyI8pGsGZAGPEaXeu0DOj5DI25Ja91bdAYddYHbADRYVrZMRbfW+1l5YwXVDKohDJNQxkQ==",
      "dependencies": [
        "@types/node"
      ]
    },
    "data-uri-to-buffer@4.0.1": {
      "integrity": "sha512-0R9ikRb668HB7QDxT1vkpuUBtqc53YyAwMwGeUFKRojY/NWKvdZ+9UYtRfGmhqNbRkTSVpMbmyhXipFFv2cb/A=="
    },
    "detect-libc@2.0.2": {
      "integrity": "sha512-UX6sGumvvqSaXgdKGUsgZWqcUyIXZ/vZTrlRT/iobiKhGL0zL4d3osHj3uqllWJK+i+sixDS/3COVEOFbupFyw=="
    },
    "drizzle-orm@0.36.0_@libsql+client@0.14.0_postgres@3.4.5": {
      "integrity": "sha512-6BETYPdKSR7cDHC0ZfqZk2VrKJ8n/Rfd3ajFPsAbc69gi87nwZ6oBA2wUGMELHA0tQE4kUKN0Ds00LUZQ6Z69A==",
      "dependencies": [
        "@libsql/client",
        "postgres"
      ]
    },
    "drizzle-valibot@0.2.0_drizzle-orm@0.36.0__@libsql+client@0.14.0__postgres@3.4.5_valibot@0.42.1_@libsql+client@0.14.0_postgres@3.4.5": {
      "integrity": "sha512-+JTZZN52fFv20kGTXI1KGpysdCiedaTDpWQ6lqnxX2DD5U5tJfGPB2ROjHFjbLzK4XiH98MOhKZf174orBQAew==",
      "dependencies": [
        "drizzle-orm",
        "valibot"
      ]
    },
    "fetch-blob@3.2.0": {
      "integrity": "sha512-7yAQpD2UMJzLi1Dqv7qFYnPbaPx7ZfFK6PiIxQ4PfkGPyNyl2Ugx+a/umUonmKqjhM4DnfbMvdX6otXq83soQQ==",
      "dependencies": [
        "node-domexception",
        "web-streams-polyfill"
      ]
    },
    "formdata-polyfill@4.0.10": {
      "integrity": "sha512-buewHzMvYL29jdeQTVILecSaZKnt/RJWjoZCF5OW60Z67/GmSLBkOFM7qh1PI3zFNtJbaZL5eQu1vLfazOwj4g==",
      "dependencies": [
        "fetch-blob"
      ]
    },
    "js-base64@3.7.7": {
      "integrity": "sha512-7rCnleh0z2CkXhH67J8K1Ytz0b2Y+yxTPL+/KOJoa20hfnVQ/3/T6W/KflYI4bRHRagNeXeU2bkNGI3v1oS/lw=="
    },
    "libsql@0.4.6": {
      "integrity": "sha512-F5M+ltteK6dCcpjMahrkgT96uFJvVI8aQ4r9f2AzHQjC7BkAYtvfMSTWGvRBezRgMUIU2h1Sy0pF9nOGOD5iyA==",
      "dependencies": [
        "@libsql/darwin-arm64",
        "@libsql/darwin-x64",
        "@libsql/linux-arm64-gnu",
        "@libsql/linux-arm64-musl",
        "@libsql/linux-x64-gnu",
        "@libsql/linux-x64-musl",
        "@libsql/win32-x64-msvc",
        "@neon-rs/load",
        "detect-libc"
      ]
    },
    "meilisearch@0.45.0": {
      "integrity": "sha512-+zCzEqE+CumY4icB0Vox180adZqaNtnr60hJWGiEdmol5eWmksfY8rYsTcz87styXC2ZOg+2yF56gdH6oyIBTA=="
    },
    "node-domexception@1.0.0": {
      "integrity": "sha512-/jKZoMpw0F8GRwl4/eLROPA3cfcXtLApP0QzLmUT/HuPCZWyB7IY9ZrMeKw2O/nFIqPQB3PVM9aYm0F312AXDQ=="
    },
    "node-fetch@3.3.2": {
      "integrity": "sha512-dRB78srN/l6gqWulah9SrxeYnxeddIG30+GOqK/9OlLVyLg3HPnr6SqOWTWOXKRwC2eGYCkZ59NNuSgvSrpgOA==",
      "dependencies": [
        "data-uri-to-buffer",
        "fetch-blob",
        "formdata-polyfill"
      ]
    },
    "postgres@3.4.5": {
      "integrity": "sha512-cDWgoah1Gez9rN3H4165peY9qfpEo+SA61oQv65O3cRUE1pOEoJWwddwcqKE8XZYjbblOJlYDlLV4h67HrEVDg=="
    },
    "promise-limit@2.7.0": {
      "integrity": "sha512-7nJ6v5lnJsXwGprnGXga4wx6d1POjvi5Qmf1ivTRxTjH4Z/9Czja/UCMLVmB9N93GeWOU93XaFaEt6jbuoagNw=="
    },
    "undici-types@6.19.8": {
      "integrity": "sha512-ve2KP6f/JnbPBFyobGHuerC9g1FYGn/F8n1LWTwNxCEzd6IfqTwUQcNXgEtmmQ6DlRrC1hrSrBnCZPokRrDHjw=="
    },
    "valibot@0.42.1": {
      "integrity": "sha512-3keXV29Ar5b//Hqi4MbSdV7lfVp6zuYLZuA9V1PvQUsXqogr+u5lvLPLk3A4f74VUXDnf/JfWMN6sB+koJ/FFw=="
    },
    "web-streams-polyfill@3.3.3": {
      "integrity": "sha512-d2JWLCivmZYTSIoge9MsgFCZrt571BikcWGYkjC1khllbTeDlGqZ2D8vD8E/lJa8WGWbb7Plm8/XJYV7IJHZZw=="
    },
    "ws@8.18.0": {
      "integrity": "sha512-8VbfWfHLbbwu3+N6OKsOMpBdT4kXPDDB9cJk2bJ6mh9ucxdlnNvH1e+roYkKmN9Nxw2yjz7VzeO9oOz2zJ04Pw=="
    }
  },
  "remote": {
    "https://cdn.skypack.dev/-/dinero.js@v1.9.1-cOF4QnfwVEqXTHBzepvA/dist=es2019,mode=imports/optimized/dinerojs.js": "28047b329cf87dc27e8ceb7d0b362a9e319386b5752f229421871862677d91af",
    "https://cdn.skypack.dev/dinero.js@1.9.1": "00106c51a22b91ee10a88391021db0bb26f81bdd27d3b568ca9067486c33a8cd",
    "https://deno.land/x/jose@v5.9.6/index.ts": "e6e894e8c2b3a11c4071ee1008eb7d85a373ff68b5fbe5d7791d7384cfdee523",
    "https://deno.land/x/jose@v5.9.6/jwe/compact/decrypt.ts": "43c80cb2dd0545df1b0aed37b710e0c02cd58781236eb0426fa2dd65bf250d8f",
    "https://deno.land/x/jose@v5.9.6/jwe/compact/encrypt.ts": "b3be13ddddea2ea638cf188cbe1c1572085edd84f7d657cdd488dbba7c2a86c7",
    "https://deno.land/x/jose@v5.9.6/jwe/flattened/decrypt.ts": "69ac436e2880b0cf03dfcddb38f24b862cab568c900fd5ec965561ae9aa3224d",
    "https://deno.land/x/jose@v5.9.6/jwe/flattened/encrypt.ts": "0f2b4245b3fec9f7b55748f8b7d430d397aecb4884a858f0d5ce618a8d601e31",
    "https://deno.land/x/jose@v5.9.6/jwe/general/decrypt.ts": "115e034ffffa542dc4bc361f33cc1550a5d3d1c301d02c9785b2410c5008c40e",
    "https://deno.land/x/jose@v5.9.6/jwe/general/encrypt.ts": "40efbe7f473f21933eba57aba133ab16df8e153d96946b6ede62572146970cd4",
    "https://deno.land/x/jose@v5.9.6/jwk/embedded.ts": "9235337249f10a04a046a02897e0db4be8244fc731ac0638f4ad5c091280b58c",
    "https://deno.land/x/jose@v5.9.6/jwk/thumbprint.ts": "362b6d36a716f569ac3f6a97bb41a7fb3265f971d5563f05cca73ce03432e42a",
    "https://deno.land/x/jose@v5.9.6/jwks/local.ts": "2a948310bc9c534c3c044d52f8cf015fc7075bf8e7e845950fa578bd77d51f2e",
    "https://deno.land/x/jose@v5.9.6/jwks/remote.ts": "948c451ebde9978628a7f6e543ef0827584ee2b434d1360d6964776f41be3094",
    "https://deno.land/x/jose@v5.9.6/jws/compact/sign.ts": "112b4904316458c7d8cfef48309eefe977b9720d061f81477a7c72247a4f8821",
    "https://deno.land/x/jose@v5.9.6/jws/compact/verify.ts": "37cdbe53267550b236344e4e7d7bf1dfd94fd1887fd785110d4cf88a4aa93408",
    "https://deno.land/x/jose@v5.9.6/jws/flattened/sign.ts": "bbdeafd7d00873ad032a9136e770897ab202cce5ed5cef249470a2faf4ad0fe4",
    "https://deno.land/x/jose@v5.9.6/jws/flattened/verify.ts": "4f4124773f97c6a0ddf7f84d5a28e0c39e10daf033ddd9c7287891c2403e2484",
    "https://deno.land/x/jose@v5.9.6/jws/general/sign.ts": "5b977a752ea0261af76608aad8fbcc7ccc9302c62aae8da9dbfead3080ae4515",
    "https://deno.land/x/jose@v5.9.6/jws/general/verify.ts": "134aeb53aa8e6fdbf1cb38a6cc2f4d40eafa3ea5e465d05ea250c24e3b190922",
    "https://deno.land/x/jose@v5.9.6/jwt/decrypt.ts": "62e9ff765afea505d325d8aec61e70c2a3e75d0f56dc53b020e42940ab5bd398",
    "https://deno.land/x/jose@v5.9.6/jwt/encrypt.ts": "0785771759eeaddf74e841cb7430c3af6d793bcef726ad46fb6047297c1cae1d",
    "https://deno.land/x/jose@v5.9.6/jwt/produce.ts": "4ec3e3966f6d1ce057159c0569a00aacfc2189b4a3c1c395ff992f673942b92c",
    "https://deno.land/x/jose@v5.9.6/jwt/sign.ts": "b3770b2c880935e0f3049dcbeecf940a1fade71609c4e7e6a51152dfa7bc3655",
    "https://deno.land/x/jose@v5.9.6/jwt/unsecured.ts": "4002917b0ec0e89962fc8c75edead3a1dc267944f6d51089bf753db8d9fd5b86",
    "https://deno.land/x/jose@v5.9.6/jwt/verify.ts": "0bdd020d3a06f387f42d63586817fc3bb4104830d9a74c87eb0a5bed2881245c",
    "https://deno.land/x/jose@v5.9.6/key/export.ts": "1edf905818bcfcbba02c7dd369caf6fb61b6e19d30d4e4d2cd01030ab90f8b2d",
    "https://deno.land/x/jose@v5.9.6/key/generate_key_pair.ts": "e841708aa07c95167b9f079f420311c22be837319ab0e7b70b68bdafdae2b4ea",
    "https://deno.land/x/jose@v5.9.6/key/generate_secret.ts": "3f1bb5f8ef4340f20da3464cc7d0258abcee28f6ee7c72626f7048cc7aaa8b2a",
    "https://deno.land/x/jose@v5.9.6/key/import.ts": "4cec770702f38a3883102776804b05414b7415105c48b9e41f201de08f3b9b5d",
    "https://deno.land/x/jose@v5.9.6/lib/aesgcmkw.ts": "6d307f6710b2879fdde07c8e39688ece9019f02170334aa216db4878fc7a6ac8",
    "https://deno.land/x/jose@v5.9.6/lib/buffer_utils.ts": "0b64941bf694bc810b2c917b61474be46c54854da76bb42b20f1642102542ff1",
    "https://deno.land/x/jose@v5.9.6/lib/cek.ts": "a474becfe1c2d86fbcf3a24cdcd96274beb8d61bd17926e5f345001f39df922b",
    "https://deno.land/x/jose@v5.9.6/lib/check_iv_length.ts": "118eb531167126c8421d71a21f2cfdc10a658c933e178b33395ef3e962c54f80",
    "https://deno.land/x/jose@v5.9.6/lib/check_key_type.ts": "633b9b7e08b913dfdb7a9dfdf224cb89e54849e35ca9b396603e898994f8ca51",
    "https://deno.land/x/jose@v5.9.6/lib/check_p2s.ts": "2f5549e121c43019ac85a3bb3fe8cb98a397122dcaa80f3cd8bf5fcf314e1f67",
    "https://deno.land/x/jose@v5.9.6/lib/crypto_key.ts": "b75ba81390a90ea741cf174117d96e7851b221ebd9b0dfb806061175c24aed4f",
    "https://deno.land/x/jose@v5.9.6/lib/decrypt_key_management.ts": "1996df67cfa015131cbf83dd1374852c78de9ee615a10e08fe7a0f9ec3d63811",
    "https://deno.land/x/jose@v5.9.6/lib/encrypt_key_management.ts": "e79354c3c2bdfeff07dd61e925de0aa1027f8d21e454c774d08c778e09edc269",
    "https://deno.land/x/jose@v5.9.6/lib/epoch.ts": "cd608f73f6c100e8156c6020ec2bce6757e01759793f0d6aab23908d3d2ea933",
    "https://deno.land/x/jose@v5.9.6/lib/format_pem.ts": "b5230682e7a89609238015b77f33afd248f3e0f69bcb5895eece2f86d83100f6",
    "https://deno.land/x/jose@v5.9.6/lib/invalid_key_input.ts": "b82cda3b49cf56806000a85343b005a05735b90e0886ce421a81c71d9088c375",
    "https://deno.land/x/jose@v5.9.6/lib/is_disjoint.ts": "a3f7ef698413700d0f268314fc879421c134460ced9538518e5feb3eb64d3efe",
    "https://deno.land/x/jose@v5.9.6/lib/is_jwk.ts": "cabe3150418db9082eafe083705d7e0b1a36a055eeae60f801fb7860813fdf93",
    "https://deno.land/x/jose@v5.9.6/lib/is_object.ts": "43549ddc51a3b3d4c22b953b191a961fbb61fb5081e8efb88ad075afa1f4d214",
    "https://deno.land/x/jose@v5.9.6/lib/iv.ts": "4766d9ad87b478bb7344094f38c8561181b72f8678edd1b5226d1e0f9ab677fc",
    "https://deno.land/x/jose@v5.9.6/lib/jwt_claims_set.ts": "6f3445f718e7d8519c2ba265a65c564feed4aab52bda860bae974756e826eb09",
    "https://deno.land/x/jose@v5.9.6/lib/private_symbols.ts": "54b4f384282e686c4484cd71249cea2edb860426c2b1927d94cb3438de9e64ca",
    "https://deno.land/x/jose@v5.9.6/lib/secs.ts": "40e09916007b3a393f20265ea84dc1df43974e86ec796ce0e5e6724f5917a2b8",
    "https://deno.land/x/jose@v5.9.6/lib/validate_algorithms.ts": "6b20f4b5f6935cd9edcd6eb2128226144ba792eaa7c47966c666a51baf1682eb",
    "https://deno.land/x/jose@v5.9.6/lib/validate_crit.ts": "b1214ae1413c969efdca2392c6feea9c3b92c531fc7e137c23397e0430421b86",
    "https://deno.land/x/jose@v5.9.6/runtime/aeskw.ts": "a32bc607d00031ecc42976b69f4e90d73cbac1bc465d1fbace373a8433105d72",
    "https://deno.land/x/jose@v5.9.6/runtime/asn1.ts": "013a633b824c18663c8c7f7ec8691bfe3dfef82ee58650de0c6d8ee26154bb6a",
    "https://deno.land/x/jose@v5.9.6/runtime/base64url.ts": "74ecb18b90de56bcc4424b6c911cfe49b56dd4a316978f5c8ee9a23560069636",
    "https://deno.land/x/jose@v5.9.6/runtime/bogus.ts": "4f1c967b0d9b4e7105e16ad8c173da55708f377ee5e201d8ee5fc613f3417f08",
    "https://deno.land/x/jose@v5.9.6/runtime/check_cek_length.ts": "2ee093fcb273602449ed7863ab6bd4dd2a7aeff99507e0573e3cd4b8d8099e5d",
    "https://deno.land/x/jose@v5.9.6/runtime/check_key_length.ts": "7d23fb5910f9ba10383ca0600b63620ff078c7be7788e0626ec1f215992b67be",
    "https://deno.land/x/jose@v5.9.6/runtime/decrypt.ts": "c53c80b90892b45f39d58e75a46f53032b131f2d9f5b6b74ddd215c79ca3ed8b",
    "https://deno.land/x/jose@v5.9.6/runtime/digest.ts": "cee73fad56ce596ffedc56811d174ab413e7981eb847eb67c0e77f213cc2ac2d",
    "https://deno.land/x/jose@v5.9.6/runtime/ecdhes.ts": "787c277cf841c89b462fc40cc05f5ddec9da89e9fc693cb3238936362c522ebd",
    "https://deno.land/x/jose@v5.9.6/runtime/encrypt.ts": "a5a89b21010d3dda51544020fe4b2ab0d5d91e10044490fccc1af3d5104e8547",
    "https://deno.land/x/jose@v5.9.6/runtime/fetch_jwks.ts": "34b71aa6bbd51984d1009792499ea17133dcb11bf2f2d8fba60e8090d900fc20",
    "https://deno.land/x/jose@v5.9.6/runtime/generate.ts": "62f49bc476267d6321eb63040eaeeabbc44ec9a6a10346f2c1238f86e00744cb",
    "https://deno.land/x/jose@v5.9.6/runtime/get_sign_verify_key.ts": "8e45cd5f6d5a3ae97013e849863b089b26a2a53fdfb613562a1025eaed201c8e",
    "https://deno.land/x/jose@v5.9.6/runtime/is_key_like.ts": "2380270e1ff76c2b481f50d8057a10bcc1f33962c0f5ab35dc90e236f036731d",
    "https://deno.land/x/jose@v5.9.6/runtime/jwk_to_key.ts": "5f26c13e737377e501b3817d51c4000fbdfb1736f2da924462a54400552af621",
    "https://deno.land/x/jose@v5.9.6/runtime/key_to_jwk.ts": "f101d297b1fc9269a9595231899dc06e29e195f6223543b8d4cf651f6559f0f3",
    "https://deno.land/x/jose@v5.9.6/runtime/normalize_key.ts": "6d25f61fbe4d756dfe390062dba6e73775092af62f0071170ebb3f71bb6fd5d2",
    "https://deno.land/x/jose@v5.9.6/runtime/pbes2kw.ts": "ad084eb8dd144df8fd5d7e0b824806e35475398be0d3871c2016c3c467e24b19",
    "https://deno.land/x/jose@v5.9.6/runtime/random.ts": "3e9c8d08208e5dc186ae659535f0018303ff3b56615335bf0dfb5904fe36aab7",
    "https://deno.land/x/jose@v5.9.6/runtime/rsaes.ts": "124b6e87d8569b39d6f550b371303c79e9eb28aa0d9b14025eeaffe50282c987",
    "https://deno.land/x/jose@v5.9.6/runtime/runtime.ts": "d748ecb0c1b57020d6f6c41b4458cce74b4d15ab919c38a0ec32d12cee7f5976",
    "https://deno.land/x/jose@v5.9.6/runtime/sign.ts": "1524f8855538ca5fd607cd681f804ba421b0ec58f562118f3c635324ba053f90",
    "https://deno.land/x/jose@v5.9.6/runtime/subtle_dsa.ts": "f66955982c3565bf9d8f80220bee5b5737654582b38ea187143cfe26a20e279a",
    "https://deno.land/x/jose@v5.9.6/runtime/subtle_rsaes.ts": "26147da83932ebf7266d69ddd408f269395de05ddde64ba4e1585571bb61bd93",
    "https://deno.land/x/jose@v5.9.6/runtime/timing_safe_equal.ts": "fc5b3f4132cec56630eac4677fef2b519707a9c6a257f8ae86515b0d86ff5f6b",
    "https://deno.land/x/jose@v5.9.6/runtime/verify.ts": "d391e2286b47485247b475016c66999f5146a1cf8331115385a9ba629251c15e",
    "https://deno.land/x/jose@v5.9.6/runtime/webcrypto.ts": "3365b7d62eaa7e6befe5e2f4f67aa7859805c41b87064433b6e70f94501aa36e",
    "https://deno.land/x/jose@v5.9.6/util/base64url.ts": "0e09492d36de17c3b40646486b3a31ae7ce060d1bfa7185a52f659aaffc3da0b",
    "https://deno.land/x/jose@v5.9.6/util/decode_jwt.ts": "a6347360591bd60b076d115fc231e3ecd84aef319922a6c6e94554e68863e3af",
    "https://deno.land/x/jose@v5.9.6/util/decode_protected_header.ts": "3412c8aacffee93148478f14a0ebb97b2ff060944f49dd233223d262f592ee36",
    "https://deno.land/x/jose@v5.9.6/util/errors.ts": "b7ecf22990ce73a42650fd09666fb7174fcd91eec387aa26b361269c8022220f",
    "https://deno.land/x/jose@v5.9.6/util/runtime.ts": "088cae7df0d285065f141d880c5c21a572234997082337d1125d7f1603059642",
    "https://raw.githubusercontent.com/turquoze/plugins/f4e21d45858c9a93d37e9d143f3344c12173b3cb/cache/deps.ts": "94e567005ac3e86eab1bfa61f06bbce175bb25c4fff7894a69337e729a615c1b",
    "https://raw.githubusercontent.com/turquoze/plugins/f4e21d45858c9a93d37e9d143f3344c12173b3cb/cache/libsql.ts": "2ba470a4c1ab1b5665b2a73f08b57adfcb9ba59df5d8a42588ed904ae86bec14",
    "https://raw.githubusercontent.com/turquoze/turquoze/36d26023cc9b2d0791b2fc0367eba36337a2df59/src/services/interfaces/cacheService.ts": "7593f6f78face4105e5558206be9f9c28fbb4dd9ed12f54e83a58658cd9cbcb3",
    "https://raw.githubusercontent.com/turquoze/turquoze/f7eb693f1cc8ae37c6e2762793f06df19a63ad1e/src/app.ts": "089e77ac2cfe232278fa26f8f35fb532425fbe05732683a2e69d1b07c08b34d1",
    "https://raw.githubusercontent.com/turquoze/turquoze/f7eb693f1cc8ae37c6e2762793f06df19a63ad1e/src/clients/db.ts": "9b2de2a29062936c4aa68f1fad28f09dbdda1d960511435fb2b317a8cf3bbcb5",
    "https://raw.githubusercontent.com/turquoze/turquoze/f7eb693f1cc8ae37c6e2762793f06df19a63ad1e/src/deps.ts": "bda9a66934a26b67cf711a33bf442b651367fbc5e3fb066b625b8aa2f2b4142c",
    "https://raw.githubusercontent.com/turquoze/turquoze/f7eb693f1cc8ae37c6e2762793f06df19a63ad1e/src/middleware/authGuard.ts": "c10f69923d98c8ea8b93110a0bdb9da247aa44c8197eefb4362bc13235f92fc5",
    "https://raw.githubusercontent.com/turquoze/turquoze/f7eb693f1cc8ae37c6e2762793f06df19a63ad1e/src/middleware/cookieGuard.ts": "94948bc76851a78d3ec592168c9790436a323186bc38cf1ec5da6c60408fbcd3",
    "https://raw.githubusercontent.com/turquoze/turquoze/f7eb693f1cc8ae37c6e2762793f06df19a63ad1e/src/middleware/cors.ts": "39d44cd5b0c175abbd06c643a93c5c107bac931b09a002117d88b3b01b35fb6e",
    "https://raw.githubusercontent.com/turquoze/turquoze/f7eb693f1cc8ae37c6e2762793f06df19a63ad1e/src/middleware/logger.ts": "933ca6b2bf52c37ae99d05e428ba76fbbabd4bf516e25e3b9a2a27e8575f8ec5",
    "https://raw.githubusercontent.com/turquoze/turquoze/f7eb693f1cc8ae37c6e2762793f06df19a63ad1e/src/middleware/responseTimer.ts": "f00a47346f714b92ad6b7b798b1096326e8273adcd659f404562c28954745e58",
    "https://raw.githubusercontent.com/turquoze/turquoze/f7eb693f1cc8ae37c6e2762793f06df19a63ad1e/src/middleware/roleGuard.ts": "27ce6af689f59a6cdceedc6881271b2d36b45d3bfefbc8fd825d1ccf5a733172",
    "https://raw.githubusercontent.com/turquoze/turquoze/f7eb693f1cc8ae37c6e2762793f06df19a63ad1e/src/middleware/tokenGuard.ts": "4962367f74a5f1ca6cb02f8a18a5f89404f85e49e174b3a20ad6cf0943df998e",
    "https://raw.githubusercontent.com/turquoze/turquoze/f7eb693f1cc8ae37c6e2762793f06df19a63ad1e/src/pages/404.ts": "68f3a9285e078a9fe198d1bf7f74d92725f1903603ed7f415eb874064cd58236",
    "https://raw.githubusercontent.com/turquoze/turquoze/f7eb693f1cc8ae37c6e2762793f06df19a63ad1e/src/routes/admin/admin.ts": "c36146836eed88dc5bf43de024feea6f0f83039165e9b1373213dbb4315552cf",
    "https://raw.githubusercontent.com/turquoze/turquoze/f7eb693f1cc8ae37c6e2762793f06df19a63ad1e/src/routes/admin/auth.ts": "3a03a905789b36b42ff3eacf71b5c0288fd1496b5d7079e234f88f36332032e6",
    "https://raw.githubusercontent.com/turquoze/turquoze/f7eb693f1cc8ae37c6e2762793f06df19a63ad1e/src/routes/admin/categories.ts": "bfa7626a6b5f83a70b07bb1eb8e8aecf0027fc0c138bb69d7b52318c3b600d7e",
    "https://raw.githubusercontent.com/turquoze/turquoze/f7eb693f1cc8ae37c6e2762793f06df19a63ad1e/src/routes/admin/dashboard.ts": "da76088bff62d4c7253ea8cc70f1cf10799a5cefc74f5c2e9b44177389b4689e",
    "https://raw.githubusercontent.com/turquoze/turquoze/f7eb693f1cc8ae37c6e2762793f06df19a63ad1e/src/routes/admin/discounts.ts": "578d815745408d41a8d3d629651792867abfdb6d562868c7a79f4d0cf7254393",
    "https://raw.githubusercontent.com/turquoze/turquoze/f7eb693f1cc8ae37c6e2762793f06df19a63ad1e/src/routes/admin/inventories.ts": "49b390477bfa26e26115da8f5c3b4d8f37ec20924d084290c4a80a010be98a8b",
    "https://raw.githubusercontent.com/turquoze/turquoze/f7eb693f1cc8ae37c6e2762793f06df19a63ad1e/src/routes/admin/oauth.ts": "1376303e49ecdc3f16d4050f05c3c583840b107d92387da6db5e4a7b28e67463",
    "https://raw.githubusercontent.com/turquoze/turquoze/f7eb693f1cc8ae37c6e2762793f06df19a63ad1e/src/routes/admin/orders.ts": "ac3b661f56627ac213de7dd8cacd235201b03562cb468dab29d2a92a8fddcaa1",
    "https://raw.githubusercontent.com/turquoze/turquoze/f7eb693f1cc8ae37c6e2762793f06df19a63ad1e/src/routes/admin/prices.ts": "1a4e41e4c37842e275a4dc942e6f5ec10214162c205ccf3b25698c00b66591f3",
    "https://raw.githubusercontent.com/turquoze/turquoze/f7eb693f1cc8ae37c6e2762793f06df19a63ad1e/src/routes/admin/products.ts": "2e026cc4daa4a73509197185213c4a855d65b06da0d3e080ae529c0f3b3bca66",
    "https://raw.githubusercontent.com/turquoze/turquoze/f7eb693f1cc8ae37c6e2762793f06df19a63ad1e/src/routes/admin/settings.ts": "d1e60f4944545717df66267f0263e41039f50ce8e9d47ec7ac4e5387889369f1",
    "https://raw.githubusercontent.com/turquoze/turquoze/f7eb693f1cc8ae37c6e2762793f06df19a63ad1e/src/routes/admin/shops.ts": "270d06ad7a83b8da9414077cb5336c0d7c3ebfd1203cb04db609da70636a89db",
    "https://raw.githubusercontent.com/turquoze/turquoze/f7eb693f1cc8ae37c6e2762793f06df19a63ad1e/src/routes/admin/tokens.ts": "f54e429f70db8f1f967d9e51512a55e8dbf65dad611a73d3cb3675b6e4fe0c1d",
    "https://raw.githubusercontent.com/turquoze/turquoze/f7eb693f1cc8ae37c6e2762793f06df19a63ad1e/src/routes/admin/users.ts": "cbb046f8b32219c19ba751d453d335d5eadad2d21679b7aded4b6168faa7ef6b",
    "https://raw.githubusercontent.com/turquoze/turquoze/f7eb693f1cc8ae37c6e2762793f06df19a63ad1e/src/routes/admin/warehouses.ts": "fca5a4155638ec1d26736b794fca1d5ddeb6860e916760cdcacd1bb48c789a2c",
    "https://raw.githubusercontent.com/turquoze/turquoze/f7eb693f1cc8ae37c6e2762793f06df19a63ad1e/src/routes/api/api.ts": "c6bcfb46302f8ff5fbb5a41cf36406ffcb712c37e83f8bb7780aef176ac5da2a",
    "https://raw.githubusercontent.com/turquoze/turquoze/f7eb693f1cc8ae37c6e2762793f06df19a63ad1e/src/routes/api/carts.ts": "fa55f5460139d875046973fbb4416c88b8b7d2781937e50bbac6311de262ab9a",
    "https://raw.githubusercontent.com/turquoze/turquoze/f7eb693f1cc8ae37c6e2762793f06df19a63ad1e/src/routes/api/categories.ts": "a647af6521b77ffe5ea1ab13eb0e30ab970025a7e3167a1d87edefc0aadee72b",
    "https://raw.githubusercontent.com/turquoze/turquoze/f7eb693f1cc8ae37c6e2762793f06df19a63ad1e/src/routes/api/products.ts": "214db757b328f9081cec1af4f5425e69c1206a1b83d0bde0f0864e5af527399d",
    "https://raw.githubusercontent.com/turquoze/turquoze/f7eb693f1cc8ae37c6e2762793f06df19a63ad1e/src/routes/api/users.ts": "e344b7b2a8d14dc8abfa6c4a7e5a5fabc6de8ab3ca2b06db1d578c8afce68228",
    "https://raw.githubusercontent.com/turquoze/turquoze/f7eb693f1cc8ae37c6e2762793f06df19a63ad1e/src/routes/utils/ping.ts": "137b6c6c4ddd01e919024bcb254005ea47dcfd10f384146665187af9438bbaec",
    "https://raw.githubusercontent.com/turquoze/turquoze/f7eb693f1cc8ae37c6e2762793f06df19a63ad1e/src/routes/utils/utils.ts": "a0389bc425faefda0365a6c1067b8999397e19374ce0c5f2f38a7d37f3866de6",
    "https://raw.githubusercontent.com/turquoze/turquoze/f7eb693f1cc8ae37c6e2762793f06df19a63ad1e/src/services/adminService/mod.ts": "5a36267f6b9c1a5518cdb23b3644653f9df0d1c21a2db40318ddbc818cbeab46",
    "https://raw.githubusercontent.com/turquoze/turquoze/f7eb693f1cc8ae37c6e2762793f06df19a63ad1e/src/services/cacheService/mod.ts": "1cd6f59117b5e9940131b59168497d1990d0176db6a8c61a43c82ff77c92b534",
    "https://raw.githubusercontent.com/turquoze/turquoze/f7eb693f1cc8ae37c6e2762793f06df19a63ad1e/src/services/cartService/mod.ts": "2656f7d1d11548f3a3816cde2f8664c12af47dc04dd163a7dc0b157e7cc74cdd",
    "https://raw.githubusercontent.com/turquoze/turquoze/f7eb693f1cc8ae37c6e2762793f06df19a63ad1e/src/services/categoryLinkService/mod.ts": "2111b93d4bda95232fc0beca963b911d66878d741113fa7d96bc4bc1275e3e94",
    "https://raw.githubusercontent.com/turquoze/turquoze/f7eb693f1cc8ae37c6e2762793f06df19a63ad1e/src/services/categoryService/mod.ts": "1dfb440bd3ea8b51c731fd5df965f60bc84faa204eff4fe39e5269a2859fd9c3",
    "https://raw.githubusercontent.com/turquoze/turquoze/f7eb693f1cc8ae37c6e2762793f06df19a63ad1e/src/services/discountService/mod.ts": "fcfdea5ac70cdc68d5d726f2980d351d54505dcf37607b706c5d9abf554170cc",
    "https://raw.githubusercontent.com/turquoze/turquoze/f7eb693f1cc8ae37c6e2762793f06df19a63ad1e/src/services/interfaces/adminService.ts": "75433da0a8e8e8cc562a3cbb38f45c50ddd24d56df94bf5a286351eaa1fff3ca",
    "https://raw.githubusercontent.com/turquoze/turquoze/f7eb693f1cc8ae37c6e2762793f06df19a63ad1e/src/services/interfaces/cacheService.ts": "7593f6f78face4105e5558206be9f9c28fbb4dd9ed12f54e83a58658cd9cbcb3",
    "https://raw.githubusercontent.com/turquoze/turquoze/f7eb693f1cc8ae37c6e2762793f06df19a63ad1e/src/services/interfaces/cartService.ts": "6694b4737e5be01b38480ac3d57602e7829131810dc07f0585d740d40c963152",
    "https://raw.githubusercontent.com/turquoze/turquoze/f7eb693f1cc8ae37c6e2762793f06df19a63ad1e/src/services/interfaces/categoryLinkService.ts": "5b08c7740de0b5dbc2d9356471b2dc818c376ddb3a85c1b127498272e7cee53d",
    "https://raw.githubusercontent.com/turquoze/turquoze/f7eb693f1cc8ae37c6e2762793f06df19a63ad1e/src/services/interfaces/categoryService.ts": "741e186b1d994da5a89d2f612a1c0cef27e0ccab4e2bb11881eea323beba7950",
    "https://raw.githubusercontent.com/turquoze/turquoze/f7eb693f1cc8ae37c6e2762793f06df19a63ad1e/src/services/interfaces/discountService.ts": "bd3baef36b4d5be166b4aa3a7d0fe7042a46a762014daf1f66cc48f404b7054f",
    "https://raw.githubusercontent.com/turquoze/turquoze/f7eb693f1cc8ae37c6e2762793f06df19a63ad1e/src/services/interfaces/inventoryService.ts": "81831c5f6f5172fbea1f06da05a88803f88ea78d296e414f35df0a012043e73c",
    "https://raw.githubusercontent.com/turquoze/turquoze/f7eb693f1cc8ae37c6e2762793f06df19a63ad1e/src/services/interfaces/notificationService.ts": "7bd683b9818470fec690c07e78f8840c87ae04bcaafe9ced2dd9b122f3202c58",
    "https://raw.githubusercontent.com/turquoze/turquoze/f7eb693f1cc8ae37c6e2762793f06df19a63ad1e/src/services/interfaces/oauthService.ts": "9efe6e4c918848f281cd5e82c3e85c788721fe3ef9581cf28222bcddc6acc751",
    "https://raw.githubusercontent.com/turquoze/turquoze/f7eb693f1cc8ae37c6e2762793f06df19a63ad1e/src/services/interfaces/orderService.ts": "16a0e791ce8fe949b354f72b02604c61fa6cf6925c42bbe41cabdee1234b5490",
    "https://raw.githubusercontent.com/turquoze/turquoze/f7eb693f1cc8ae37c6e2762793f06df19a63ad1e/src/services/interfaces/organizationLinkService.ts": "1780d6a68176193ec4b5131b947e8696e472f8d7e04c8ed3e33de4027c632f65",
    "https://raw.githubusercontent.com/turquoze/turquoze/f7eb693f1cc8ae37c6e2762793f06df19a63ad1e/src/services/interfaces/organizationService.ts": "85b18cc3e248402313edbd1881997a9beaaad80986e3785349d117f2c2cab13b",
    "https://raw.githubusercontent.com/turquoze/turquoze/f7eb693f1cc8ae37c6e2762793f06df19a63ad1e/src/services/interfaces/paymentService.ts": "b18c5e5c42a9b3b309450020966c7c9b57f3d082d47e5a258167d45f57747608",
    "https://raw.githubusercontent.com/turquoze/turquoze/f7eb693f1cc8ae37c6e2762793f06df19a63ad1e/src/services/interfaces/pluginService.ts": "0cbd61cb294bbff01d823e6beb34cafa0e6c18cc050d52c99ea93015df1dbd16",
    "https://raw.githubusercontent.com/turquoze/turquoze/f7eb693f1cc8ae37c6e2762793f06df19a63ad1e/src/services/interfaces/priceCalculatorService.ts": "222a6d24c120cdd1d4e50b03aacb97e4fd8204c9819ce79bc51a54a9092636db",
    "https://raw.githubusercontent.com/turquoze/turquoze/f7eb693f1cc8ae37c6e2762793f06df19a63ad1e/src/services/interfaces/priceService.ts": "288d6450c48604809b749f63923da1ad4a9108ca04761532c36643c6ae87d84c",
    "https://raw.githubusercontent.com/turquoze/turquoze/f7eb693f1cc8ae37c6e2762793f06df19a63ad1e/src/services/interfaces/productService.ts": "a2ee2498b9f9478ac74fc27e6340ed84a44d3c63ba0c3c4af992f68a9c0cccc8",
    "https://raw.githubusercontent.com/turquoze/turquoze/f7eb693f1cc8ae37c6e2762793f06df19a63ad1e/src/services/interfaces/searchService.ts": "2346708a1e45bfb3da187edc184f642a309f4febc44d470bd42ec54d575f9200",
    "https://raw.githubusercontent.com/turquoze/turquoze/f7eb693f1cc8ae37c6e2762793f06df19a63ad1e/src/services/interfaces/settingsService.ts": "1a677665b0cb32bb9a3637c5a911510b0791b24a3db68788422054e6c3d2ad7e",
    "https://raw.githubusercontent.com/turquoze/turquoze/f7eb693f1cc8ae37c6e2762793f06df19a63ad1e/src/services/interfaces/shopLinkService.ts": "31268a1c404225940c05037ea6f4c486302733b3ff71a7ae1f992511c8ea6010",
    "https://raw.githubusercontent.com/turquoze/turquoze/f7eb693f1cc8ae37c6e2762793f06df19a63ad1e/src/services/interfaces/shopService.ts": "99b462aee6a91a9e6c83b5ba7c79ee0456906a039f048e3320735a7caf6afccf",
    "https://raw.githubusercontent.com/turquoze/turquoze/f7eb693f1cc8ae37c6e2762793f06df19a63ad1e/src/services/interfaces/tokenService.ts": "c45203e47a982c00879f8b4ad77ccaada547e7ba0c41b82999a81e05a6cfc43e",
    "https://raw.githubusercontent.com/turquoze/turquoze/f7eb693f1cc8ae37c6e2762793f06df19a63ad1e/src/services/interfaces/userService.ts": "f1e6b3648f9924513e30f482c31efac6806191bafa0f06095913ddb8bb1fbda5",
    "https://raw.githubusercontent.com/turquoze/turquoze/f7eb693f1cc8ae37c6e2762793f06df19a63ad1e/src/services/interfaces/warehouseService.ts": "5ad016d8e994fddfbf4949498e007ca7099945c9c9a812f3b9e8d1917e22c88f",
    "https://raw.githubusercontent.com/turquoze/turquoze/f7eb693f1cc8ae37c6e2762793f06df19a63ad1e/src/services/inventoryService/mod.ts": "992c3b1efdbfb7238fdac15ef243a47c1dda14824496dfc50b68c59542f9be3c",
    "https://raw.githubusercontent.com/turquoze/turquoze/f7eb693f1cc8ae37c6e2762793f06df19a63ad1e/src/services/mod.ts": "5ec962567d36a0fc50e7d53eaaa936107faecf1b3323de6b4c44994da2f213dd",
    "https://raw.githubusercontent.com/turquoze/turquoze/f7eb693f1cc8ae37c6e2762793f06df19a63ad1e/src/services/notificationService/mod.ts": "c94b0d75f1461d9c093809111289e691c618821b568a119917b37f4c52623b6b",
    "https://raw.githubusercontent.com/turquoze/turquoze/f7eb693f1cc8ae37c6e2762793f06df19a63ad1e/src/services/oauthService/mod.ts": "d00f080ff815b06e7d9d3670fe80464bb0fb55bee48adbb75be8b4a400e3598a",
    "https://raw.githubusercontent.com/turquoze/turquoze/f7eb693f1cc8ae37c6e2762793f06df19a63ad1e/src/services/orderService/mod.ts": "91a0f65d060ef8afbcccd7f93d6198694fcda14dc6be981355ee308fdfa2b088",
    "https://raw.githubusercontent.com/turquoze/turquoze/f7eb693f1cc8ae37c6e2762793f06df19a63ad1e/src/services/organizationLinkService/mod.ts": "96c2d8900bfd49598065cb390a4c4ac229c21c3b32fc915304d5737e80e9f02f",
    "https://raw.githubusercontent.com/turquoze/turquoze/f7eb693f1cc8ae37c6e2762793f06df19a63ad1e/src/services/organizationService/mod.ts": "eb247ce1eebbc1d7e992628c7dbfb9ba2b43b887ce521524ae12449e81f7fe40",
    "https://raw.githubusercontent.com/turquoze/turquoze/f7eb693f1cc8ae37c6e2762793f06df19a63ad1e/src/services/paymentService/mod.ts": "9480cbed35c7c779d91802dd701cc8d14cd5c7fda98713fd6a64351a0089d434",
    "https://raw.githubusercontent.com/turquoze/turquoze/f7eb693f1cc8ae37c6e2762793f06df19a63ad1e/src/services/pluginService/mod.ts": "42cd40fa70c9017842ebb09a186dbff93d6bc9a05c886d43bbbb998b45d769f4",
    "https://raw.githubusercontent.com/turquoze/turquoze/f7eb693f1cc8ae37c6e2762793f06df19a63ad1e/src/services/priceCalculatorService/mod.ts": "d6eb4f7772ba25c410c593ee6e711fc569de173d001a3425e99970a3dcb5e6f1",
    "https://raw.githubusercontent.com/turquoze/turquoze/f7eb693f1cc8ae37c6e2762793f06df19a63ad1e/src/services/priceService/mod.ts": "103940ebf661eaba7d88b654aa9fd12b0830bef57d5b2d30383251bc2376d762",
    "https://raw.githubusercontent.com/turquoze/turquoze/f7eb693f1cc8ae37c6e2762793f06df19a63ad1e/src/services/productService/mod.ts": "94333f3bcbc77d563eb47248bbf5f49732c8f5799f9419b66c834938caec44f6",
    "https://raw.githubusercontent.com/turquoze/turquoze/f7eb693f1cc8ae37c6e2762793f06df19a63ad1e/src/services/searchService/mod.ts": "2dd8a1f17f88a32086bb038072f0ac9cd8816848b8dfc9b84eceade692b59867",
    "https://raw.githubusercontent.com/turquoze/turquoze/f7eb693f1cc8ae37c6e2762793f06df19a63ad1e/src/services/settingsService/mod.ts": "73ecfa0f98f9b82285589b8c8c7e0c198b09c3d4d4da0a2abf9bceb760760bca",
    "https://raw.githubusercontent.com/turquoze/turquoze/f7eb693f1cc8ae37c6e2762793f06df19a63ad1e/src/services/shopLinkService/mod.ts": "b65297f2ff6bb03db8ebf9ec98a4a04833319ac87b86efb9264a2a0e5a2dea6d",
    "https://raw.githubusercontent.com/turquoze/turquoze/f7eb693f1cc8ae37c6e2762793f06df19a63ad1e/src/services/shopService/mod.ts": "777e80808a5a56a761f6fd76f0a90c802fe0aea0cfa9d763c4621b2f67174d56",
    "https://raw.githubusercontent.com/turquoze/turquoze/f7eb693f1cc8ae37c6e2762793f06df19a63ad1e/src/services/tokenService/mod.ts": "29c26c7be07d8ffa529768d39e6d95a111bb231d9480a20af8d0ed786e0f42f5",
    "https://raw.githubusercontent.com/turquoze/turquoze/f7eb693f1cc8ae37c6e2762793f06df19a63ad1e/src/services/userService/mod.ts": "2f23b6c7a84928252f7234794925c4130f475f6b7a828c8b0b35f09968fdacfd",
    "https://raw.githubusercontent.com/turquoze/turquoze/f7eb693f1cc8ae37c6e2762793f06df19a63ad1e/src/services/warehouseService/mod.ts": "7296a2f7a9f5d0a1dd37e7e7d79867ea8e859939c1c8a2e5a03c9ca261134c61",
    "https://raw.githubusercontent.com/turquoze/turquoze/f7eb693f1cc8ae37c6e2762793f06df19a63ad1e/src/utils/errors.ts": "8d6a6cb2a04c9a7fe457e47baa54401d7ac56900a38b646334b74f66623d2271",
    "https://raw.githubusercontent.com/turquoze/turquoze/f7eb693f1cc8ae37c6e2762793f06df19a63ad1e/src/utils/events.ts": "9e49d7e5aa8c93bab05fbefeed86e21d8ea44a99d0446eef4540591eda9891a3",
    "https://raw.githubusercontent.com/turquoze/turquoze/f7eb693f1cc8ae37c6e2762793f06df19a63ad1e/src/utils/schema.ts": "89649eb256ce474ce336427f15f52aba2f997bd30e1ee7f632119f51a89aa52a",
    "https://raw.githubusercontent.com/turquoze/turquoze/f7eb693f1cc8ae37c6e2762793f06df19a63ad1e/src/utils/types.ts": "9e5d3024de2161c733e4b6a0faf5cbacd90e7bc80f5f2de16a88761fbf86df44",
    "https://raw.githubusercontent.com/turquoze/turquoze/f7eb693f1cc8ae37c6e2762793f06df19a63ad1e/src/utils/utils.ts": "f7160c40350034d05a0ed12a203b5dba20d871cd3a0f735e54ba5a0bdc49eb60",
    "https://raw.githubusercontent.com/turquoze/turquoze/f7eb693f1cc8ae37c6e2762793f06df19a63ad1e/src/utils/validator.ts": "680c6acacd58991d001cf7bc9fd012f84fcea2b10b03b81c8d11302b5575d4e9"
  }
}
